{
  "name": "helloworldconsumer",
  "version": "1.0.0",
  "lockfileVersion": 2,
  "requires": true,
  "packages": {
    "": {
      "name": "helloworldconsumer",
      "version": "1.0.0",
      "license": "ISC",
      "dependencies": {
        "helloworld": "file:../helloworld/helloworld-1.0.0.tgz"
      },
      "devDependencies": {
        "typescript": "^4.6.3"
      }
    },
    "node_modules/helloworld": {
      "version": "1.0.0",
      "resolved": "file:../helloworld/helloworld-1.0.0.tgz",
      "integrity": "sha512-jpbcKgHpgWWO6MZ2OQoU1RTTST3gtEHNl0l7FZQ7N1zJwGi4QuMv32fNfzaZnaUB0CSpFwuiAejDMU8OnJya/g==",
      "license": "ISC"
    },
    "node_modules/typescript": {
      "version": "4.6.3",
      "resolved": "https://registry.npmjs.org/typescript/-/typescript-4.6.3.tgz",
      "integrity": "sha512-yNIatDa5iaofVozS/uQJEl3JRWLKKGJKh6Yaiv0GLGSuhpFJe7P3SbHZ8/yjAHRQwKRoA6YZqlfjXWmVzoVSMw==",
      "dev": true,
      "bin": {
        "tsc": "bin/tsc",
        "tsserver": "bin/tsserver"
      },
      "engines": {
        "node": ">=4.2.0"
      }
    }
  },
  "dependencies": {
    "helloworld": {
      "version": "file:../helloworld/helloworld-1.0.0.tgz",
      "integrity": "sha512-jpbcKgHpgWWO6MZ2OQoU1RTTST3gtEHNl0l7FZQ7N1zJwGi4QuMv32fNfzaZnaUB0CSpFwuiAejDMU8OnJya/g=="
    },
    "typescript": {
      "version": "4.6.3",
      "resolved": "https://registry.npmjs.org/typescript/-/typescript-4.6.3.tgz",
      "integrity": "sha512-yNIatDa5iaofVozS/uQJEl3JRWLKKGJKh6Yaiv0GLGSuhpFJe7P3SbHZ8/yjAHRQwKRoA6YZqlfjXWmVzoVSMw==",
      "dev": true
    }
  }
}
